
Microsoft Visual Studio Solution File, Format Version 12.00
# Visual Studio Version 16
VisualStudioVersion = 16.0.31005.135
MinimumVisualStudioVersion = 10.0.40219.1
Project("{FAE04EC0-301F-11D3-BF4B-00C04F79EFBC}") = "SumData", "SumData\SumData.csproj", "{C58E988B-0145-426E-B957-872C7999CB8F}"
EndProject
Project("{FAE04EC0-301F-11D3-BF4B-00C04F79EFBC}") = "SumTest", "SumTest\SumTest.csproj", "{3285FF0D-C2C4-467D-9417-A55C914B8BAE}"
EndProject
Project("{FAE04EC0-301F-11D3-BF4B-00C04F79EFBC}") = "SumECmd", "SumECmd\SumECmd.csproj", "{61EDA16B-F4CA-497C-98D5-D8170E4A625C}"
EndProject
Global
	GlobalSection(SolutionConfigurationPlatforms) = preSolution
		Debug|Any CPU = Debug|Any CPU
		Release|Any CPU = Release|Any CPU
	EndGlobalSection
	GlobalSection(ProjectConfigurationPlatforms) = postSolution
		{C58E988B-0145-426E-B957-872C7999CB8F}.Debug|Any CPU.ActiveCfg = Debug|Any CPU
		{C58E988B-0145-426E-B957-872C7999CB8F}.Debug|Any CPU.Build.0 = Debug|Any CPU
		{C58E988B-0145-426E-B957-872C7999CB8F}.Release|Any CPU.ActiveCfg = Release|Any CPU
		{C58E988B-0145-426E-B957-872C7999CB8F}.Release|Any CPU.Build.0 = Release|Any CPU
		{3285FF0D-C2C4-467D-9417-A55C914B8BAE}.Debug|Any CPU.ActiveCfg = Debug|Any CPU
		{3285FF0D-C2C4-467D-9417-A55C914B8BAE}.Debug|Any CPU.Build.0 = Debug|Any CPU
		{3285FF0D-C2C4-467D-9417-A55C914B8BAE}.Release|Any CPU.ActiveCfg = Release|Any CPU
		{3285FF0D-C2C4-467D-9417-A55C914B8BAE}.Release|Any CPU.Build.0 = Release|Any CPU
		{61EDA16B-F4CA-497C-98D5-D8170E4A625C}.Debug|Any CPU.ActiveCfg = Debug|Any CPU
		{61EDA16B-F4CA-497C-98D5-D8170E4A625C}.Debug|Any CPU.Build.0 = Debug|Any CPU
		{61EDA16B-F4CA-497C-98D5-D8170E4A625C}.Release|Any CPU.ActiveCfg = Release|Any CPU
		{61EDA16B-F4CA-497C-98D5-D8170E4A625C}.Release|Any CPU.Build.0 = Release|Any CPU
	EndGlobalSection
	GlobalSection(SolutionProperties) = preSolution
		HideSolutionNode = FALSE
	EndGlobalSection
	GlobalSection(ExtensibilityGlobals) = postSolution
		SolutionGuid = {DFFB0F4E-7196-4BF9-9D62-2407CF1C3361}
	EndGlobalSection
EndGlobal
